# This file is autogenerated, do not edit; changes may be undone by the next 'dep ensure'.


[[projects]]
  digest = "1:25e90949d88e66bcbb646626a293c77a97237b37a8f854c1e8ae817b74b5c2cf"
  name = "cloud.google.com/go"
  packages = ["compute/metadata"]
  pruneopts = ""
  revision = "c9474f2f8deb81759839474b6bd1726bbfe1c1c4"
  version = "v0.36.0"

[[projects]]
  digest = "1:8e47871087b94913898333f37af26732faaab30cdb41571136cf7aec9921dae7"
  name = "github.com/PuerkitoBio/purell"
  packages = ["."]
  pruneopts = ""
  revision = "0bcb03f4b4d0a9428594752bd2a3b9aa0a9d4bd4"
  version = "v1.1.0"

[[projects]]
  branch = "master"
  digest = "1:331a419049c2be691e5ba1d24342fc77c7e767a80c666a18fd8a9f7b82419c1c"
  name = "github.com/PuerkitoBio/urlesc"
  packages = ["."]
  pruneopts = ""
  revision = "de5bf2ad457846296e2031421a34e2568e304e35"

[[projects]]
  digest = "1:60942d250d0e06d3722ddc8e22bc52f8cef7961ba6d8d3e95327a32b6b024a7b"
  name = "github.com/appscode/jsonpatch"
  packages = ["."]
  pruneopts = ""
  revision = "7c0e3b262f30165a8ec3d0b4c6059fd92703bfb2"
  version = "1.0.0"

[[projects]]
  branch = "master"
  digest = "1:c0bec5f9b98d0bc872ff5e834fac186b807b656683bd29cb82fb207a1513fabb"
  name = "github.com/beorn7/perks"
  packages = ["quantile"]
  pruneopts = ""
  revision = "3a771d992973f24aa725d07868b467d1ddfceafb"

[[projects]]
  digest = "1:0deddd908b6b4b768cfc272c16ee61e7088a60f7fe2f06c547bd3d8e1f8b8e77"
  name = "github.com/davecgh/go-spew"
  packages = ["spew"]
  pruneopts = ""
  revision = "8991bc29aa16c548c550c7ff78260e27b9ab7c73"
  version = "v1.1.1"

[[projects]]
  digest = "1:1f8d5d186d2f0da45060d0383dcf4c165f17bcc3d309f3a509e7df206c5a4f37"
  name = "github.com/emicklei/go-restful"
  packages = [
    ".",
    "log",
  ]
  pruneopts = ""
  revision = "e37671aced663c8d3a395bd301857e26dcf4340c"
  version = "v2.8.1"

[[projects]]
  branch = "master"
  digest = "1:65587005c6fa4293c0b8a2e457e689df7fda48cc5e1f5449ea2c1e7784551558"
  name = "github.com/go-logr/logr"
  packages = ["."]
  pruneopts = ""
  revision = "9fb12b3b21c5415d16ac18dc5cd42c1cfdd40c4e"

[[projects]]
  digest = "1:ce43ad4015e7cdad3f0e8f2c8339439dd4470859a828d2a6988b0f713699e94a"
  name = "github.com/go-logr/zapr"
  packages = ["."]
  pruneopts = ""
  revision = "7536572e8d55209135cd5e7ccf7fce43dca217ab"
  version = "v0.1.0"

[[projects]]
  digest = "1:c8052dcf3ec378a9a6bc4f00ecc10d6d5eb3cc1f8faaf6b2f70f047e8881d446"
  name = "github.com/go-openapi/jsonpointer"
  packages = ["."]
  pruneopts = ""
  revision = "ef5f0afec364d3b9396b7b77b43dbe26bf1f8004"
  version = "v0.18.0"

[[projects]]
  digest = "1:1824e5330b35b2a2418d06aa55629cc59ad454b72e338aa125ba8ff98f16298b"
  name = "github.com/go-openapi/jsonreference"
  packages = ["."]
  pruneopts = ""
  revision = "8483a886a90412cd6858df4ea3483dce9c8e35a3"
  version = "v0.18.0"

[[projects]]
  digest = "1:54af405aae840f810418f3d25211012af1c4bfd56d07d3de6482a7a3b762528a"
  name = "github.com/go-openapi/spec"
  packages = ["."]
  pruneopts = ""
  revision = "5b6cdde3200976e3ecceb2868706ee39b6aff3e4"
  version = "v0.18.0"

[[projects]]
  digest = "1:417789264f7cc44cbb3431ac997473e085018b01bdd98df57e6039981428aca4"
  name = "github.com/go-openapi/swag"
  packages = ["."]
  pruneopts = ""
  revision = "1d29f06aebd59ccdf11ae04aa0334ded96e2d909"
  version = "v0.18.0"

[[projects]]
  digest = "1:527e1e468c5586ef2645d143e9f5fbd50b4fe5abc8b1e25d9f1c416d22d24895"
  name = "github.com/gogo/protobuf"
  packages = [
    "proto",
    "sortkeys",
  ]
  pruneopts = ""
  revision = "4cbf7e384e768b4e01799441fdf2a706a5635ae7"
  version = "v1.2.0"

[[projects]]
  branch = "master"
  digest = "1:107b233e45174dbab5b1324201d092ea9448e58243ab9f039e4c0f332e121e3a"
  name = "github.com/golang/glog"
  packages = ["."]
  pruneopts = ""
  revision = "23def4e6c14b4da8ac2ed8007337bc5eb5007998"

[[projects]]
  branch = "master"
  digest = "1:f9714c0c017f2b821bccceeec2c7a93d29638346bb546c36ca5f90e751f91b9e"
  name = "github.com/golang/groupcache"
  packages = ["lru"]
  pruneopts = ""
  revision = "5b532d6fd5efaf7fa130d4e859a2fde0fc3a9e1b"

[[projects]]
  digest = "1:3dd078fda7500c341bc26cfbc6c6a34614f295a2457149fc1045cab767cbcf18"
  name = "github.com/golang/protobuf"
  packages = [
    "proto",
    "ptypes",
    "ptypes/any",
    "ptypes/duration",
    "ptypes/timestamp",
  ]
  pruneopts = ""
  revision = "aa810b61a9c79d51363740d207bb46cf8e620ed5"
  version = "v1.2.0"

[[projects]]
  branch = "master"
  digest = "1:1e5b1e14524ed08301977b7b8e10c719ed853cbf3f24ecb66fae783a46f207a6"
  name = "github.com/google/btree"
  packages = ["."]
  pruneopts = ""
  revision = "4030bb1f1f0c35b30ca7009e9ebd06849dd45306"

[[projects]]
  branch = "master"
  digest = "1:754f77e9c839b24778a4b64422236d38515301d2baeb63113aa3edc42e6af692"
  name = "github.com/google/gofuzz"
  packages = ["."]
  pruneopts = ""
  revision = "24818f796faf91cd76ec7bddd72458fbced7a6c1"

[[projects]]
  digest = "1:a25a2c5ae694b01713fb6cd03c3b1ac1ccc1902b9f0a922680a88ec254f968e1"
  name = "github.com/google/uuid"
  packages = ["."]
  pruneopts = ""
  revision = "9b3b1e0f5f99ae461456d768e7d301a7acdaa2d8"
  version = "v1.1.0"

[[projects]]
  digest = "1:16b2837c8b3cf045fa2cdc82af0cf78b19582701394484ae76b2c3bc3c99ad73"
  name = "github.com/googleapis/gnostic"
  packages = [
    "OpenAPIv2",
    "compiler",
    "extensions",
  ]
  pruneopts = ""
  revision = "7c663266750e7d82587642f65e60bc4083f1f84e"
  version = "v0.2.0"

[[projects]]
  branch = "master"
  digest = "1:52af0f865586f46f4e6475ddd5cf50e9b7c3d7976117db6ab89fccb695beb5bc"
  name = "github.com/gregjones/httpcache"
  packages = [
    ".",
    "diskcache",
  ]
  pruneopts = ""
  revision = "7a902570cb17174de4ac788094f8ebedec136f57"

[[projects]]
  digest = "1:3313a63031ae281e5f6fd7b0bbca733dfa04d2429df86519e3b4d4c016ccb836"
  name = "github.com/hashicorp/golang-lru"
  packages = [
    ".",
    "simplelru",
  ]
  pruneopts = ""
  revision = "20f1fb78b0740ba8c3cb143a61e86ba5c8669768"
  version = "v0.5.0"

[[projects]]
  digest = "1:31bfd110d31505e9ffbc9478e31773bf05bf02adcaeb9b139af42684f9294c13"
  name = "github.com/imdario/mergo"
  packages = ["."]
  pruneopts = ""
  revision = "7c29201646fa3de8506f701213473dd407f19646"
  version = "v0.3.7"

[[projects]]
  digest = "1:b79fc583e4dc7055ed86742e22164ac41bf8c0940722dbcb600f1a3ace1a8cb5"
  name = "github.com/json-iterator/go"
  packages = ["."]
  pruneopts = ""
  revision = "1624edc4454b8682399def8740d46db5e4362ba4"
  version = "v1.1.5"

[[projects]]
  branch = "master"
  digest = "1:212bebc561f4f654a653225868b2a97353cd5e160dc0b0bbc7232b06608474ec"
  name = "github.com/mailru/easyjson"
  packages = [
    "buffer",
    "jlexer",
    "jwriter",
  ]
  pruneopts = ""
  revision = "60711f1a8329503b04e1c88535f419d0bb440bff"

[[projects]]
  digest = "1:63722a4b1e1717be7b98fc686e0b30d5e7f734b9e93d7dee86293b6deab7ea28"
  name = "github.com/matttproud/golang_protobuf_extensions"
  packages = ["pbutil"]
  pruneopts = ""
  revision = "c12348ce28de40eed0136aa2b644d0ee0650e56c"
  version = "v1.0.1"

[[projects]]
  digest = "1:0c0ff2a89c1bb0d01887e1dac043ad7efbf3ec77482ef058ac423d13497e16fd"
  name = "github.com/modern-go/concurrent"
  packages = ["."]
  pruneopts = ""
  revision = "bacd9c7ef1dd9b15be4a9909b8ac7a4e313eec94"
  version = "1.0.3"

[[projects]]
  digest = "1:e32bdbdb7c377a07a9a46378290059822efdce5c8d96fe71940d87cb4f918855"
  name = "github.com/modern-go/reflect2"
  packages = ["."]
  pruneopts = ""
  revision = "4b7aa43c6742a2c18fdef89dd197aaae7dac7ccd"
  version = "1.0.1"

[[projects]]
  digest = "1:8aeb4a73c41fd79a868943af3319dc9472172b21063deff6b4391872139f7728"
  name = "github.com/openshift/api"
  packages = [
    "apps/v1",
    "authorization/v1",
    "build/v1",
    "image/docker10",
    "image/dockerpre012",
    "image/v1",
    "oauth/v1",
    "pkg/serialization",
    "route/v1",
    "template/v1",
  ]
  pruneopts = ""
  revision = "0d921e363e951d89f583292c60d013c318df64dc"
  version = "v3.9.0"

[[projects]]
  digest = "1:80a7ef90f667a8c83070b5143736f2e4f54be0bd82a7ec08d89ac8bd145aed3d"
  name = "github.com/operator-framework/operator-sdk"
  packages = [
    "pkg/k8sutil",
    "pkg/leader",
    "version",
  ]
  pruneopts = ""
  revision = "6754b70169f1b62355516947270e33b9f73d8159"
  version = "v0.5.0"

[[projects]]
  digest = "1:a5484d4fa43127138ae6e7b2299a6a52ae006c7f803d98d717f60abf3e97192e"
  name = "github.com/pborman/uuid"
  packages = ["."]
  pruneopts = ""
  revision = "adf5a7427709b9deb95d29d3fa8a2bf9cfd388f1"
  version = "v1.2"

[[projects]]
  branch = "master"
  digest = "1:c24598ffeadd2762552269271b3b1510df2d83ee6696c1e543a0ff653af494bc"
  name = "github.com/petar/GoLLRB"
  packages = ["llrb"]
  pruneopts = ""
  revision = "53be0d36a84c2a886ca057d34b6aa4468df9ccb4"

[[projects]]
  digest = "1:b46305723171710475f2dd37547edd57b67b9de9f2a6267cafdd98331fd6897f"
  name = "github.com/peterbourgon/diskv"
  packages = ["."]
  pruneopts = ""
  revision = "5f041e8faa004a95c88a202771f4cc3e991971e6"
  version = "v2.0.1"

[[projects]]
  digest = "1:256484dbbcd271f9ecebc6795b2df8cad4c458dd0f5fd82a8c2fa0c29f233411"
  name = "github.com/pmezard/go-difflib"
  packages = ["difflib"]
  pruneopts = ""
  revision = "792786c7400a136282c1664665ae0a8db921c6c2"
  version = "v1.0.0"

[[projects]]
  digest = "1:6f218995d6a74636cfcab45ce03005371e682b4b9bee0e5eb0ccfd83ef85364f"
  name = "github.com/prometheus/client_golang"
  packages = [
    "prometheus",
    "prometheus/internal",
    "prometheus/promhttp",
  ]
  pruneopts = ""
  revision = "505eaef017263e299324067d40ca2c48f6a2cf50"
  version = "v0.9.2"

[[projects]]
  branch = "master"
  digest = "1:cd67319ee7536399990c4b00fae07c3413035a53193c644549a676091507cadc"
  name = "github.com/prometheus/client_model"
  packages = ["go"]
  pruneopts = ""
  revision = "fd36f4220a901265f90734c3183c5f0c91daa0b8"

[[projects]]
  digest = "1:96af18a3819d2ff7d6aa07e6e50955b11e477dbc8b890324c67462b84adca56b"
  name = "github.com/prometheus/common"
  packages = [
    "expfmt",
    "internal/bitbucket.org/ww/goautoneg",
    "model",
  ]
  pruneopts = ""
  revision = "cfeb6f9992ffa54aaa4f2170ade4067ee478b250"
  version = "v0.2.0"

[[projects]]
  branch = "master"
  digest = "1:230f90b694597f10aa308d39e1cd3773c613fcd02b26f81aa69b928538bf65d4"
  name = "github.com/prometheus/procfs"
  packages = [
    ".",
    "internal/util",
    "nfs",
    "xfs",
  ]
  pruneopts = ""
  revision = "488faf799f863e27e50c516468f76ae8f1da20a5"

[[projects]]
  digest = "1:cbaf13cdbfef0e4734ed8a7504f57fe893d471d62a35b982bf6fb3f036449a66"
  name = "github.com/spf13/pflag"
  packages = ["."]
  pruneopts = ""
  revision = "298182f68c66c05229eb03ac171abe6e309ee79a"
  version = "v1.0.3"

[[projects]]
  digest = "1:381bcbeb112a51493d9d998bbba207a529c73dbb49b3fd789e48c63fac1f192c"
  name = "github.com/stretchr/testify"
  packages = ["assert"]
  pruneopts = ""
  revision = "ffdc059bfe9ce6a4e144ba849dbedead332c6053"
  version = "v1.3.0"

[[projects]]
  digest = "1:74f86c458e82e1c4efbab95233e0cf51b7cc02dc03193be9f62cd81224e10401"
  name = "go.uber.org/atomic"
  packages = ["."]
  pruneopts = ""
  revision = "1ea20fb1cbb1cc08cbd0d913a96dead89aa18289"
  version = "v1.3.2"

[[projects]]
  digest = "1:22c7effcb4da0eacb2bb1940ee173fac010e9ef3c691f5de4b524d538bd980f5"
  name = "go.uber.org/multierr"
  packages = ["."]
  pruneopts = ""
  revision = "3c4937480c32f4c13a875a1829af76c98ca3d40a"
  version = "v1.1.0"

[[projects]]
  digest = "1:246f378f80fba6fcf0f191c486b6613265abd2bc0f2fa55a36b928c67352021e"
  name = "go.uber.org/zap"
  packages = [
    ".",
    "buffer",
    "internal/bufferpool",
    "internal/color",
    "internal/exit",
    "zapcore",
  ]
  pruneopts = ""
  revision = "ff33455a0e382e8a81d14dd7c922020b6b5e7982"
  version = "v1.9.1"

[[projects]]
  branch = "master"
  digest = "1:cbc1ebc01ec2ceb2c3cc7b9e33357dbc3eff173335f02d9f01603f14102602a7"
  name = "golang.org/x/crypto"
  packages = ["ssh/terminal"]
  pruneopts = ""
  revision = "b8fe1690c61389d7d2a8074a507d1d40c5d30448"

[[projects]]
  branch = "master"
  digest = "1:1d52dac9bdc355f83ad9916bc657baa7d8735a108ae749da8e8d3513a1b15f28"
  name = "golang.org/x/net"
  packages = [
    "context",
    "context/ctxhttp",
    "http/httpguts",
    "http2",
    "http2/hpack",
    "idna",
  ]
  pruneopts = ""
  revision = "65e2d4e15006aab9813ff8769e768bbf4bb667a0"

[[projects]]
  branch = "master"
  digest = "1:7c2c0fc8c2891e50d5a8b57482d2fee63ce723eae40c1a59bf9c6a82ff13b775"
  name = "golang.org/x/oauth2"
  packages = [
    ".",
    "google",
    "internal",
    "jws",
    "jwt",
  ]
  pruneopts = ""
  revision = "99b60b757ec124ebb7d6b7e97f153b19c10ce163"

[[projects]]
  branch = "master"
  digest = "1:489610147902fe0c7229218c749bb25a8a9ecce0d726ae4f8662517319f32554"
  name = "golang.org/x/sys"
  packages = [
    "unix",
    "windows",
  ]
  pruneopts = ""
  revision = "41f3e6584952bb034a481797859f6ab34b6803bd"

[[projects]]
  digest = "1:5acd3512b047305d49e8763eef7ba423901e85d5dd2fd1e71778a0ea8de10bd4"
  name = "golang.org/x/text"
  packages = [
    "collate",
    "collate/build",
    "internal/colltab",
    "internal/gen",
    "internal/tag",
    "internal/triegen",
    "internal/ucd",
    "language",
    "secure/bidirule",
    "transform",
    "unicode/bidi",
    "unicode/cldr",
    "unicode/norm",
    "unicode/rangetable",
    "width",
  ]
  pruneopts = ""
  revision = "f21a4dfb5e38f5895301dc265a8def02365cc3d0"
  version = "v0.3.0"

[[projects]]
  branch = "master"
  digest = "1:14cb1d4240bcbbf1386ae763957e04e2765ec4e4ce7bb2769d05fa6faccd774e"
  name = "golang.org/x/time"
  packages = ["rate"]
  pruneopts = ""
  revision = "85acf8d2951cb2a3bde7632f9ff273ef0379bcbd"

[[projects]]
  branch = "master"
  digest = "1:280888b97ef68d3738925a3671899a6cd9c789fb70caefecdcc329c6565ac71e"
  name = "golang.org/x/tools"
  packages = [
    "go/ast/astutil",
    "go/gcexportdata",
    "go/internal/cgo",
    "go/internal/gcimporter",
    "go/internal/packagesdriver",
    "go/packages",
    "go/types/typeutil",
    "imports",
    "internal/fastwalk",
    "internal/gopathwalk",
    "internal/module",
    "internal/semver",
  ]
  pruneopts = ""
  revision = "44bcb96178d39510d2bb8a61ef1c08b85bb24a45"

[[projects]]
  digest = "1:bc09e719c4e2a15d17163f5272d9a3131c45d77542b7fdc53ff518815bc19ab3"
  name = "google.golang.org/appengine"
  packages = [
    ".",
    "internal",
    "internal/app_identity",
    "internal/base",
    "internal/datastore",
    "internal/log",
    "internal/modules",
    "internal/remote_api",
    "internal/urlfetch",
    "urlfetch",
  ]
  pruneopts = ""
  revision = "e9657d882bb81064595ca3b56cbe2546bbabf7b1"
  version = "v1.4.0"

[[projects]]
  digest = "1:75fb3fcfc73a8c723efde7777b40e8e8ff9babf30d8c56160d01beffea8a95a6"
  name = "gopkg.in/inf.v0"
  packages = ["."]
  pruneopts = ""
  revision = "d2d2541c53f18d2a059457998ce2876cc8e67cbf"
  version = "v0.9.1"

[[projects]]
  digest = "1:cedccf16b71e86db87a24f8d4c70b0a855872eb967cb906a66b95de56aefbd0d"
  name = "gopkg.in/yaml.v2"
  packages = ["."]
  pruneopts = ""
  revision = "51d6538a90f86fe93ac480b35f37b2be17fef232"
  version = "v2.2.2"

[[projects]]
  digest = "1:be67264067c68b1f601bfc4a6c102b1380ed0743147381de81ed11da88d2e246"
  name = "k8s.io/api"
  packages = [
    "admission/v1beta1",
    "admissionregistration/v1alpha1",
    "admissionregistration/v1beta1",
    "apps/v1",
    "apps/v1beta1",
    "apps/v1beta2",
    "auditregistration/v1alpha1",
    "authentication/v1",
    "authentication/v1beta1",
    "authorization/v1",
    "authorization/v1beta1",
    "autoscaling/v1",
    "autoscaling/v2beta1",
    "autoscaling/v2beta2",
    "batch/v1",
    "batch/v1beta1",
    "batch/v2alpha1",
    "certificates/v1beta1",
    "coordination/v1beta1",
    "core/v1",
    "events/v1beta1",
    "extensions/v1beta1",
    "networking/v1",
    "policy/v1beta1",
    "rbac/v1",
    "rbac/v1alpha1",
    "rbac/v1beta1",
    "scheduling/v1alpha1",
    "scheduling/v1beta1",
    "settings/v1alpha1",
    "storage/v1",
    "storage/v1alpha1",
    "storage/v1beta1",
  ]
  pruneopts = ""
  revision = "05914d821849570fba9eacfb29466f2d8d3cd229"
  version = "kubernetes-1.13.1"

[[projects]]
  digest = "1:66b0292f815d508d11ed5fe94fdeb0bcc5a988703a08e73bf3cb3a415de676cf"
  name = "k8s.io/apimachinery"
  packages = [
    "pkg/api/errors",
    "pkg/api/meta",
    "pkg/api/resource",
    "pkg/apis/meta/internalversion",
    "pkg/apis/meta/v1",
    "pkg/apis/meta/v1/unstructured",
    "pkg/apis/meta/v1beta1",
    "pkg/conversion",
    "pkg/conversion/queryparams",
    "pkg/fields",
    "pkg/labels",
    "pkg/runtime",
    "pkg/runtime/schema",
    "pkg/runtime/serializer",
    "pkg/runtime/serializer/json",
    "pkg/runtime/serializer/protobuf",
    "pkg/runtime/serializer/recognizer",
    "pkg/runtime/serializer/streaming",
    "pkg/runtime/serializer/versioning",
    "pkg/selection",
    "pkg/types",
    "pkg/util/cache",
    "pkg/util/clock",
    "pkg/util/diff",
    "pkg/util/errors",
    "pkg/util/framer",
    "pkg/util/intstr",
    "pkg/util/json",
    "pkg/util/mergepatch",
    "pkg/util/naming",
    "pkg/util/net",
    "pkg/util/runtime",
    "pkg/util/sets",
    "pkg/util/strategicpatch",
    "pkg/util/uuid",
    "pkg/util/validation",
    "pkg/util/validation/field",
    "pkg/util/wait",
    "pkg/util/yaml",
    "pkg/version",
    "pkg/watch",
    "third_party/forked/golang/json",
    "third_party/forked/golang/reflect",
  ]
  pruneopts = ""
  revision = "2b1284ed4c93a43499e781493253e2ac5959c4fd"
  version = "kubernetes-1.13.1"

[[projects]]
  digest = "1:d603c9957fa66c90792d45fe0205d484da2ea364a01069c20890f2640b4a0fd5"
  name = "k8s.io/client-go"
  packages = [
    "discovery",
    "dynamic",
    "kubernetes",
    "kubernetes/scheme",
    "kubernetes/typed/admissionregistration/v1alpha1",
    "kubernetes/typed/admissionregistration/v1beta1",
    "kubernetes/typed/apps/v1",
    "kubernetes/typed/apps/v1beta1",
    "kubernetes/typed/apps/v1beta2",
    "kubernetes/typed/auditregistration/v1alpha1",
    "kubernetes/typed/authentication/v1",
    "kubernetes/typed/authentication/v1beta1",
    "kubernetes/typed/authorization/v1",
    "kubernetes/typed/authorization/v1beta1",
    "kubernetes/typed/autoscaling/v1",
    "kubernetes/typed/autoscaling/v2beta1",
    "kubernetes/typed/autoscaling/v2beta2",
    "kubernetes/typed/batch/v1",
    "kubernetes/typed/batch/v1beta1",
    "kubernetes/typed/batch/v2alpha1",
    "kubernetes/typed/certificates/v1beta1",
    "kubernetes/typed/coordination/v1beta1",
    "kubernetes/typed/core/v1",
    "kubernetes/typed/events/v1beta1",
    "kubernetes/typed/extensions/v1beta1",
    "kubernetes/typed/networking/v1",
    "kubernetes/typed/policy/v1beta1",
    "kubernetes/typed/rbac/v1",
    "kubernetes/typed/rbac/v1alpha1",
    "kubernetes/typed/rbac/v1beta1",
    "kubernetes/typed/scheduling/v1alpha1",
    "kubernetes/typed/scheduling/v1beta1",
    "kubernetes/typed/settings/v1alpha1",
    "kubernetes/typed/storage/v1",
    "kubernetes/typed/storage/v1alpha1",
    "kubernetes/typed/storage/v1beta1",
    "pkg/apis/clientauthentication",
    "pkg/apis/clientauthentication/v1alpha1",
    "pkg/apis/clientauthentication/v1beta1",
    "pkg/version",
    "plugin/pkg/client/auth/exec",
    "plugin/pkg/client/auth/gcp",
    "rest",
    "rest/watch",
    "restmapper",
    "third_party/forked/golang/template",
    "tools/auth",
    "tools/cache",
    "tools/clientcmd",
    "tools/clientcmd/api",
    "tools/clientcmd/api/latest",
    "tools/clientcmd/api/v1",
    "tools/leaderelection",
    "tools/leaderelection/resourcelock",
    "tools/metrics",
    "tools/pager",
    "tools/record",
    "tools/reference",
    "transport",
    "util/buffer",
    "util/cert",
    "util/connrotation",
    "util/flowcontrol",
    "util/homedir",
    "util/integer",
    "util/jsonpath",
    "util/retry",
    "util/workqueue",
  ]
  pruneopts = ""
  revision = "8d9ed539ba3134352c586810e749e58df4e94e4f"
  version = "kubernetes-1.13.1"

[[projects]]
  digest = "1:e6fffdf0dfeb0d189a7c6d735e76e7564685d3b6513f8b19d3651191cb6b084b"
  name = "k8s.io/code-generator"
  packages = [
    "cmd/client-gen",
    "cmd/client-gen/args",
    "cmd/client-gen/generators",
    "cmd/client-gen/generators/fake",
    "cmd/client-gen/generators/scheme",
    "cmd/client-gen/generators/util",
    "cmd/client-gen/path",
    "cmd/client-gen/types",
    "cmd/conversion-gen",
    "cmd/conversion-gen/args",
    "cmd/conversion-gen/generators",
    "cmd/deepcopy-gen",
    "cmd/deepcopy-gen/args",
    "cmd/defaulter-gen",
    "cmd/defaulter-gen/args",
    "cmd/informer-gen",
    "cmd/informer-gen/args",
    "cmd/informer-gen/generators",
    "cmd/lister-gen",
    "cmd/lister-gen/args",
    "cmd/lister-gen/generators",
    "cmd/openapi-gen",
    "cmd/openapi-gen/args",
    "pkg/util",
  ]
  pruneopts = ""
  revision = "3dcf91f64f638563e5106f21f50c31fa361c918d"

[[projects]]
  branch = "master"
  digest = "1:ab20900d1171f52daa01b7f43abc9453f84f6b674b19e9893d2f1c05ceef832e"
  name = "k8s.io/gengo"
  packages = [
    "args",
    "examples/deepcopy-gen/generators",
    "examples/defaulter-gen/generators",
    "examples/set-gen/sets",
    "generator",
    "namer",
    "parser",
    "types",
  ]
  pruneopts = ""
  revision = "0689ccc1d7d65d9dd1bedcc3b0b1ed7df91ba266"

[[projects]]
  digest = "1:4f5eb833037cc0ba0bf8fe9cae6be9df62c19dd1c869415275c708daa8ccfda5"
  name = "k8s.io/klog"
  packages = ["."]
  pruneopts = ""
  revision = "a5bc97fbc634d635061f3146511332c7e313a55a"
  version = "v0.1.0"

[[projects]]
  branch = "master"
  digest = "1:433b824857da0faf1729aca15879a3a72bc04a3b96ecc9a636b32fdfaf226a7b"
  name = "k8s.io/kube-openapi"
  packages = [
    "cmd/openapi-gen/args",
    "pkg/common",
    "pkg/generators",
    "pkg/generators/rules",
    "pkg/util/proto",
    "pkg/util/sets",
  ]
  pruneopts = ""
  revision = "fd29a9f2f42946ceb3fbd87518e0f2f4343da168"

[[projects]]
  digest = "1:35fe7fc05f04f79af905348b757b440723f67534f873abfef906e1a64dfe9e64"
  name = "sigs.k8s.io/controller-runtime"
  packages = [
    "pkg/cache",
    "pkg/cache/internal",
    "pkg/client",
    "pkg/client/apiutil",
    "pkg/client/config",
    "pkg/controller",
    "pkg/event",
    "pkg/handler",
    "pkg/internal/controller",
    "pkg/internal/controller/metrics",
    "pkg/internal/recorder",
    "pkg/leaderelection",
    "pkg/manager",
    "pkg/metrics",
    "pkg/patch",
    "pkg/predicate",
    "pkg/reconcile",
    "pkg/recorder",
    "pkg/runtime/inject",
    "pkg/runtime/log",
    "pkg/runtime/scheme",
    "pkg/runtime/signals",
    "pkg/source",
    "pkg/source/internal",
    "pkg/webhook/admission",
    "pkg/webhook/admission/types",
    "pkg/webhook/internal/metrics",
    "pkg/webhook/types",
  ]
  pruneopts = ""
  revision = "12d98582e72927b6cd0123e2b4e819f9341ce62c"
  version = "v0.1.10"

[[projects]]
  digest = "1:321081b4a44256715f2b68411d8eda9a17f17ebfe6f0cc61d2cc52d11c08acfa"
  name = "sigs.k8s.io/yaml"
  packages = ["."]
  pruneopts = ""
  revision = "fd68e9863619f6ec2fdd8625fe1f02e7c877e480"
  version = "v1.1.0"

[solve-meta]
  analyzer-name = "dep"
  analyzer-version = 1
  input-imports = [
    "github.com/go-logr/logr",
    "github.com/openshift/api/apps/v1",
    "github.com/openshift/api/authorization/v1",
    "github.com/openshift/api/build/v1",
    "github.com/openshift/api/image/v1",
    "github.com/openshift/api/oauth/v1",
    "github.com/openshift/api/route/v1",
    "github.com/openshift/api/template/v1",
    "github.com/operator-framework/operator-sdk/pkg/k8sutil",
    "github.com/operator-framework/operator-sdk/pkg/leader",
    "github.com/operator-framework/operator-sdk/version",
    "github.com/stretchr/testify/assert",
    "k8s.io/api/core/v1",
    "k8s.io/apimachinery/pkg/api/errors",
    "k8s.io/apimachinery/pkg/api/resource",
    "k8s.io/apimachinery/pkg/apis/meta/v1",
    "k8s.io/apimachinery/pkg/apis/meta/v1/unstructured",
    "k8s.io/apimachinery/pkg/labels",
    "k8s.io/apimachinery/pkg/runtime",
    "k8s.io/apimachinery/pkg/runtime/schema",
    "k8s.io/apimachinery/pkg/runtime/serializer",
    "k8s.io/apimachinery/pkg/runtime/serializer/json",
    "k8s.io/apimachinery/pkg/runtime/serializer/versioning",
    "k8s.io/apimachinery/pkg/types",
    "k8s.io/apimachinery/pkg/util/json",
    "k8s.io/apimachinery/pkg/util/runtime",
    "k8s.io/apimachinery/pkg/util/yaml",
    "k8s.io/client-go/kubernetes",
    "k8s.io/client-go/plugin/pkg/client/auth/gcp",
    "k8s.io/client-go/rest",
    "k8s.io/code-generator/cmd/client-gen",
    "k8s.io/code-generator/cmd/conversion-gen",
    "k8s.io/code-generator/cmd/deepcopy-gen",
    "k8s.io/code-generator/cmd/defaulter-gen",
    "k8s.io/code-generator/cmd/informer-gen",
    "k8s.io/code-generator/cmd/lister-gen",
    "k8s.io/code-generator/cmd/openapi-gen",
    "k8s.io/gengo/args",
    "sigs.k8s.io/controller-runtime/pkg/client",
    "sigs.k8s.io/controller-runtime/pkg/client/config",
    "sigs.k8s.io/controller-runtime/pkg/controller",
    "sigs.k8s.io/controller-runtime/pkg/handler",
    "sigs.k8s.io/controller-runtime/pkg/manager",
    "sigs.k8s.io/controller-runtime/pkg/reconcile",
    "sigs.k8s.io/controller-runtime/pkg/runtime/log",
    "sigs.k8s.io/controller-runtime/pkg/runtime/scheme",
    "sigs.k8s.io/controller-runtime/pkg/runtime/signals",
    "sigs.k8s.io/controller-runtime/pkg/source",
  ]
  solver-name = "gps-cdcl"
  solver-version = 1
